
Microsoft Visual Studio Solution File, Format Version 12.00
# Visual Studio 15
VisualStudioVersion = 15.0.27428.2002
MinimumVisualStudioVersion = 10.0.40219.1
Project("{FAE04EC0-301F-11D3-BF4B-00C04F79EFBC}") = "NewfactoryDANSTE", "NewfactoryDANSTE\NewfactoryDANSTE.csproj", "{A2C73B44-0237-4F4E-A676-4A3079070AD2}"
EndProject
Project("{FAE04EC0-301F-11D3-BF4B-00C04F79EFBC}") = "OM.dbDANSTE", "..\OldbayDANSTE\OM.DB\OM.dbDANSTE.csproj", "{30E7B889-728B-4A22-9772-2F773709D6BD}"
EndProject
Project("{FAE04EC0-301F-11D3-BF4B-00C04F79EFBC}") = "OM.InterfaceDANSTE", "..\OldbayDANSTE\OM.Interface\OM.InterfaceDANSTE.csproj", "{17B0F68B-A8BC-40A8-9E57-AF40278AC1E8}"
EndProject
Project("{FAE04EC0-301F-11D3-BF4B-00C04F79EFBC}") = "OM.ModelDANSTE", "..\OldbayDANSTE\OM.Model\OM.ModelDANSTE.csproj", "{0DE13D5E-58F6-433C-BBCF-76303044E4B4}"
EndProject
Global
	GlobalSection(SolutionConfigurationPlatforms) = preSolution
		Debug|Any CPU = Debug|Any CPU
		Release|Any CPU = Release|Any CPU
	EndGlobalSection
	GlobalSection(ProjectConfigurationPlatforms) = postSolution
		{A2C73B44-0237-4F4E-A676-4A3079070AD2}.Debug|Any CPU.ActiveCfg = Debug|Any CPU
		{A2C73B44-0237-4F4E-A676-4A3079070AD2}.Debug|Any CPU.Build.0 = Debug|Any CPU
		{A2C73B44-0237-4F4E-A676-4A3079070AD2}.Release|Any CPU.ActiveCfg = Release|Any CPU
		{A2C73B44-0237-4F4E-A676-4A3079070AD2}.Release|Any CPU.Build.0 = Release|Any CPU
		{30E7B889-728B-4A22-9772-2F773709D6BD}.Debug|Any CPU.ActiveCfg = Debug|Any CPU
		{30E7B889-728B-4A22-9772-2F773709D6BD}.Debug|Any CPU.Build.0 = Debug|Any CPU
		{30E7B889-728B-4A22-9772-2F773709D6BD}.Release|Any CPU.ActiveCfg = Release|Any CPU
		{30E7B889-728B-4A22-9772-2F773709D6BD}.Release|Any CPU.Build.0 = Release|Any CPU
		{17B0F68B-A8BC-40A8-9E57-AF40278AC1E8}.Debug|Any CPU.ActiveCfg = Debug|Any CPU
		{17B0F68B-A8BC-40A8-9E57-AF40278AC1E8}.Debug|Any CPU.Build.0 = Debug|Any CPU
		{17B0F68B-A8BC-40A8-9E57-AF40278AC1E8}.Release|Any CPU.ActiveCfg = Release|Any CPU
		{17B0F68B-A8BC-40A8-9E57-AF40278AC1E8}.Release|Any CPU.Build.0 = Release|Any CPU
		{0DE13D5E-58F6-433C-BBCF-76303044E4B4}.Debug|Any CPU.ActiveCfg = Debug|Any CPU
		{0DE13D5E-58F6-433C-BBCF-76303044E4B4}.Debug|Any CPU.Build.0 = Debug|Any CPU
		{0DE13D5E-58F6-433C-BBCF-76303044E4B4}.Release|Any CPU.ActiveCfg = Release|Any CPU
		{0DE13D5E-58F6-433C-BBCF-76303044E4B4}.Release|Any CPU.Build.0 = Release|Any CPU
	EndGlobalSection
	GlobalSection(SolutionProperties) = preSolution
		HideSolutionNode = FALSE
	EndGlobalSection
	GlobalSection(ExtensibilityGlobals) = postSolution
		SolutionGuid = {65228A41-D97E-4F0D-BEF1-EE1FC4F7EF21}
	EndGlobalSection
EndGlobal
